
Microsoft Visual Studio Solution File, Format Version 12.00
# Visual Studio Version 16
VisualStudioVersion = 16.0.31205.134
MinimumVisualStudioVersion = 10.0.40219.1
Project("{FAE04EC0-301F-11D3-BF4B-00C04F79EFBC}") = "P3", "P3.csproj", "{D217F6E7-D2E4-4FF9-AEA6-3A8476E1B243}"
EndProject
Global
	GlobalSection(SolutionConfigurationPlatforms) = preSolution
		Debug|Any CPU = Debug|Any CPU
		Release|Any CPU = Release|Any CPU
	EndGlobalSection
	GlobalSection(ProjectConfigurationPlatforms) = postSolution
		{D217F6E7-D2E4-4FF9-AEA6-3A8476E1B243}.Debug|Any CPU.ActiveCfg = Debug|Any CPU
		{D217F6E7-D2E4-4FF9-AEA6-3A8476E1B243}.Debug|Any CPU.Build.0 = Debug|Any CPU
		{D217F6E7-D2E4-4FF9-AEA6-3A8476E1B243}.Release|Any CPU.ActiveCfg = Release|Any CPU
		{D217F6E7-D2E4-4FF9-AEA6-3A8476E1B243}.Release|Any CPU.Build.0 = Release|Any CPU
	EndGlobalSection
	GlobalSection(SolutionProperties) = preSolution
		HideSolutionNode = FALSE
	EndGlobalSection
	GlobalSection(ExtensibilityGlobals) = postSolution
		SolutionGuid = {2BACF2C8-8271-4E57-B1AD-BE560B357F20}
	EndGlobalSection
EndGlobal
